# This file is autogenerated, do not edit; changes may be undone by the next 'dep ensure'.


[[projects]]
  branch = "develop"
  name = "github.com/TabbDrinkLTD/auth-service"
  packages = ["micro","proto/auth"]
  revision = "5df0e1e3c972dd1d0ebadb9dae883e87f9720eed"

[[projects]]
  branch = "master"
  name = "github.com/globalsign/mgo"
  packages = ["bson","internal/json"]
  revision = "efe0945164a7e582241f37ae8983c075f8f2e870"

[[projects]]
  name = "github.com/go-log/log"
  packages = [".","log"]
  revision = "37e2e1f19306361e1fc152a1839f1236149cb4e4"
  version = "v0.1.0"

[[projects]]
  name = "github.com/gogo/protobuf"
  packages = ["gogoproto","proto","protoc-gen-gogo/descriptor","sortkeys","types"]
  revision = "1adfc126b41513cc696b209667c8656ea7aac67c"
  version = "v1.0.0"

[[projects]]
  name = "github.com/golang/protobuf"
  packages = ["proto"]
  revision = "925541529c1fa6821df4e44ce2723319eb2be768"
  version = "v1.0.0"

[[projects]]
  name = "github.com/hashicorp/consul"
  packages = ["api","watch"]
  revision = "fb848fc48818f58690db09d14640513aa6bf3c02"
  version = "v1.0.7"

[[projects]]
  branch = "master"
  name = "github.com/hashicorp/go-cleanhttp"
  packages = ["."]
  revision = "d5fe4b57a186c716b0e00b8c301cbd9b4182694d"

[[projects]]
  branch = "master"
  name = "github.com/hashicorp/go-rootcerts"
  packages = ["."]
  revision = "6bb64b370b90e7ef1fa532be9e591a81c3493e00"

[[projects]]
  name = "github.com/hashicorp/serf"
  packages = ["coordinate"]
  revision = "d6574a5bb1226678d7010325fb6c985db20ee458"
  version = "v0.8.1"

[[projects]]
  branch = "master"
  name = "github.com/micro/cli"
  packages = ["."]
  revision = "3d2263bb092286dde294a31049c92665f8373820"

[[projects]]
  branch = "master"
  name = "github.com/micro/go-log"
  packages = ["."]
  revision = "cbfa9447f9b655f8e66583237e51f40ca9bff860"

[[projects]]
  name = "github.com/micro/go-micro"
  packages = ["broker","broker/codec","broker/codec/json","client","codec","codec/jsonrpc","codec/protorpc","errors","metadata","registry","selector","server","server/debug","server/debug/proto","transport","transport/codec"]
  revision = "d0d9582b81e3944edca78b1db6ed9619d0729cee"
  version = "v0.4.0"

[[projects]]
  name = "github.com/micro/go-plugins"
  packages = ["micro/cors"]
  revision = "9b10555db387d20915d32fcb13023e29a7df05e4"
  version = "v0.10.0"

[[projects]]
  branch = "master"
  name = "github.com/micro/go-rcache"
  packages = ["."]
  revision = "a581a57b513351792b9f21fc8b95d87b1c5a95da"

[[projects]]
  name = "github.com/micro/micro"
  packages = ["plugin"]
  revision = "d8d176e6381b012ceb2c8121decd7e4e1fffee7f"
  version = "v0.11.1"

[[projects]]
  branch = "master"
  name = "github.com/micro/misc"
  packages = ["lib/addr","lib/net","lib/tls"]
  revision = "5dd4bc1cfc3616d93129aed957200ef287568eb5"

[[projects]]
  branch = "master"
  name = "github.com/mitchellh/go-homedir"
  packages = ["."]
  revision = "b8bc1bf767474819792c23f32d8286a45736f1c6"

[[projects]]
  branch = "master"
  name = "github.com/mitchellh/hashstructure"
  packages = ["."]
  revision = "2bca23e0e452137f789efbc8610126fd8b94f73b"

[[projects]]
  branch = "master"
  name = "github.com/mitchellh/mapstructure"
  packages = ["."]
  revision = "00c29f56e2386353d58c599509e8dc3801b0d716"

[[projects]]
  name = "github.com/pborman/uuid"
  packages = ["."]
  revision = "e790cca94e6cc75c7064b1332e63811d4aae1a53"
  version = "v1.1"

[[projects]]
  name = "github.com/pkg/errors"
  packages = ["."]
  revision = "645ef00459ed84a119197bfb8d8205042c6df63d"
  version = "v0.8.0"

[[projects]]
  name = "github.com/rs/cors"
  packages = ["."]
  revision = "feef513b9575b32f84bafa580aad89b011259019"
  version = "v1.3.0"

[[projects]]
  branch = "master"
  name = "golang.org/x/net"
  packages = ["context"]
  revision = "5f9ae10d9af5b1c89ae6904293b14b064d4ada23"

[solve-meta]
  analyzer-name = "dep"
  analyzer-version = 1
  inputs-digest = "b2c5db82e21713b1017881f51311fba423671a2fbe034c525b2a733e4d5c44e7"
  solver-name = "gps-cdcl"
  solver-version = 1
